<?xml version="1.0" encoding="utf-8"?>
<Project ToolsVersion="4.0" xmlns="http://schemas.microsoft.com/developer/msbuild/2003">
  <ItemGroup>
    <Filter Include="Source Files">
      <UniqueIdentifier>{4FC737F1-C7A5-4376-A066-2A32D752A2FF}</UniqueIdentifier>
      <Extensions>cpp;c;cc;cxx;def;odl;idl;hpj;bat;asm;asmx</Extensions>
    </Filter>
    <Filter Include="Source Files\engine">
      <UniqueIdentifier>{b46e1bee-ca8e-4b6b-982e-4a8c65c0f36d}</UniqueIdentifier>
    </Filter>
    <Filter Include="Source Files\engine\events">
      <UniqueIdentifier>{3d36d012-fbd4-4305-a704-b74bd06309b2}</UniqueIdentifier>
    </Filter>
    <Filter Include="Source Files\engine\audio">
      <UniqueIdentifier>{b65ec9c5-bc00-4877-9d56-fe08444e8c54}</UniqueIdentifier>
    </Filter>
    <Filter Include="Source Files\engine\graphics">
      <UniqueIdentifier>{93090afe-c3a3-4d61-b58d-8af2bcb06490}</UniqueIdentifier>
    </Filter>
    <Filter Include="Source Files\engine\utilities">
      <UniqueIdentifier>{d566ba02-e57b-411c-aa1c-dc77be1daf54}</UniqueIdentifier>
    </Filter>
    <Filter Include="Source Files\engine\graphics\RenderListSubclasses">
      <UniqueIdentifier>{cf8af19a-f574-4944-bbfd-132b5256674c}</UniqueIdentifier>
    </Filter>
    <Filter Include="Source Files\extras">
      <UniqueIdentifier>{001c71d4-65a8-437e-b890-b47a520627b6}</UniqueIdentifier>
    </Filter>
  </ItemGroup>
  <ItemGroup>
    <ClCompile Include="src\engine\Source.cpp">
      <Filter>Source Files\engine</Filter>
    </ClCompile>
    <ClCompile Include="src\engine\EventsManager.cpp">
      <Filter>Source Files\engine\events</Filter>
    </ClCompile>
    <ClCompile Include="src\engine\KeyboardState.cpp">
      <Filter>Source Files\engine\events</Filter>
    </ClCompile>
    <ClCompile Include="src\engine\MouseState.cpp">
      <Filter>Source Files\engine\events</Filter>
    </ClCompile>
    <ClCompile Include="src\engine\GamepadState.cpp">
      <Filter>Source Files\engine\events</Filter>
    </ClCompile>
    <ClCompile Include="src\engine\SoundData.cpp">
      <Filter>Source Files\engine\audio</Filter>
    </ClCompile>
    <ClCompile Include="src\engine\SoundManager.cpp">
      <Filter>Source Files\engine\audio</Filter>
    </ClCompile>
    <ClCompile Include="src\engine\OpenglBufferObjects.cpp">
      <Filter>Source Files\engine\graphics</Filter>
    </ClCompile>
    <ClCompile Include="src\engine\Shader.cpp">
      <Filter>Source Files\engine\graphics</Filter>
    </ClCompile>
    <ClCompile Include="src\engine\Window.cpp">
      <Filter>Source Files\engine</Filter>
    </ClCompile>
    <ClCompile Include="src\engine\RenderList.cpp">
      <Filter>Source Files\engine\graphics</Filter>
    </ClCompile>
    <ClCompile Include="src\engine\Texture.cpp">
      <Filter>Source Files\engine\graphics</Filter>
    </ClCompile>
    <ClCompile Include="src\engine\RenderListQuad.cpp">
      <Filter>Source Files\engine\graphics\RenderListSubclasses</Filter>
    </ClCompile>
    <ClCompile Include="src\engine\RenderListEllipse.cpp">
      <Filter>Source Files\engine\graphics\RenderListSubclasses</Filter>
    </ClCompile>
    <ClCompile Include="src\engine\FrameRateTimer.cpp">
      <Filter>Source Files\engine\utilities</Filter>
    </ClCompile>
    <ClCompile Include="src\engine\Ruler.cpp">
      <Filter>Source Files\engine\graphics</Filter>
    </ClCompile>
    <ClCompile Include="src\engine\RenderListLine.cpp">
      <Filter>Source Files\engine\graphics\RenderListSubclasses</Filter>
    </ClCompile>
    <ClCompile Include="src\engine\Geometry.cpp">
      <Filter>Source Files\engine\utilities</Filter>
    </ClCompile>
    <ClCompile Include="src\engine\PerlinNoiseGenerator.cpp">
      <Filter>Source Files\extras</Filter>
    </ClCompile>
  </ItemGroup>
  <ItemGroup>
    <ClInclude Include="src\engine\EventsManager.h">
      <Filter>Source Files\engine\events</Filter>
    </ClInclude>
    <ClInclude Include="src\engine\EventsHandle.h">
      <Filter>Source Files\engine\events</Filter>
    </ClInclude>
    <ClInclude Include="src\engine\KeyboardState.h">
      <Filter>Source Files\engine\events</Filter>
    </ClInclude>
    <ClInclude Include="src\engine\MouseState.h">
      <Filter>Source Files\engine\events</Filter>
    </ClInclude>
    <ClInclude Include="src\engine\GamepadState.h">
      <Filter>Source Files\engine\events</Filter>
    </ClInclude>
    <ClInclude Include="src\engine\SoundData.h">
      <Filter>Source Files\engine\audio</Filter>
    </ClInclude>
    <ClInclude Include="src\engine\SoundManager.h">
      <Filter>Source Files\engine\audio</Filter>
    </ClInclude>
    <ClInclude Include="src\engine\OpenglBufferObjects.h">
      <Filter>Source Files\engine\graphics</Filter>
    </ClInclude>
    <ClInclude Include="src\engine\Shader.h">
      <Filter>Source Files\engine\graphics</Filter>
    </ClInclude>
    <ClInclude Include="src\engine\Window.h">
      <Filter>Source Files\engine</Filter>
    </ClInclude>
    <ClInclude Include="src\engine\RenderList.h">
      <Filter>Source Files\engine\graphics</Filter>
    </ClInclude>
    <ClInclude Include="src\engine\Texture.h">
      <Filter>Source Files\engine\graphics</Filter>
    </ClInclude>
    <ClInclude Include="src\engine\RenderListVertexAttribs.h">
      <Filter>Source Files\engine\graphics\RenderListSubclasses</Filter>
    </ClInclude>
    <ClInclude Include="src\engine\RenderListQuad.h">
      <Filter>Source Files\engine\graphics\RenderListSubclasses</Filter>
    </ClInclude>
    <ClInclude Include="src\engine\RenderListEllipse.h">
      <Filter>Source Files\engine\graphics\RenderListSubclasses</Filter>
    </ClInclude>
    <ClInclude Include="src\engine\FrameRateTimer.h">
      <Filter>Source Files\engine\utilities</Filter>
    </ClInclude>
    <ClInclude Include="src\engine\Ruler.h">
      <Filter>Source Files\engine\graphics</Filter>
    </ClInclude>
    <ClInclude Include="src\engine\RenderListLine.h">
      <Filter>Source Files\engine\graphics\RenderListSubclasses</Filter>
    </ClInclude>
    <ClInclude Include="src\engine\Geometry.h">
      <Filter>Source Files\engine\utilities</Filter>
    </ClInclude>
    <ClInclude Include="src\engine\PerlinNoiseGenerator.h">
      <Filter>Source Files\extras</Filter>
    </ClInclude>
    <ClInclude Include="deps\PerlinNoise-master\PerlinNoise.hpp">
      <Filter>Source Files\extras</Filter>
    </ClInclude>
  </ItemGroup>
</Project>